// !$*UTF8*$!
{
	archiveVersion = 1;
	classes = {
	};
	objectVersion = 50;
	objects = {

/* Begin PBXBuildFile section */
		EDE7A17C21FCB93D0087F278 /* AppDelegate.swift in Sources */ = {isa = PBXBuildFile; fileRef = EDE7A17B21FCB93D0087F278 /* AppDelegate.swift */; };
		EDE7A17E21FCB93D0087F278 /* ViewController.swift in Sources */ = {isa = PBXBuildFile; fileRef = EDE7A17D21FCB93D0087F278 /* ViewController.swift */; };
		EDE7A18121FCB93D0087F278 /* Main.storyboard in Resources */ = {isa = PBXBuildFile; fileRef = EDE7A17F21FCB93D0087F278 /* Main.storyboard */; };
		EDE7A18321FCB93F0087F278 /* Assets.xcassets in Resources */ = {isa = PBXBuildFile; fileRef = EDE7A18221FCB93F0087F278 /* Assets.xcassets */; };
		EDE7A18621FCB93F0087F278 /* LaunchScreen.storyboard in Resources */ = {isa = PBXBuildFile; fileRef = EDE7A18421FCB93F0087F278 /* LaunchScreen.storyboard */; };
		EDE7A18E21FCB9D50087F278 /* DrawingImage.swift in Sources */ = {isa = PBXBuildFile; fileRef = EDE7A18D21FCB9D50087F278 /* DrawingImage.swift */; };
/* End PBXBuildFile section */

/* Begin PBXFileReference section */
		EDE7A17821FCB93D0087F278 /* PaintiOS.app */ = {isa = PBXFileReference; explicitFileType = wrapper.application; includeInIndex = 0; path = PaintiOS.app; sourceTree = BUILT_PRODUCTS_DIR; };
		EDE7A17B21FCB93D0087F278 /* AppDelegate.swift */ = {isa = PBXFileReference; lastKnownFileType = sourcecode.swift; path = AppDelegate.swift; sourceTree = "<group>"; };
		EDE7A17D21FCB93D0087F278 /* ViewController.swift */ = {isa = PBXFileReference; lastKnownFileType = sourcecode.swift; path = ViewController.swift; sourceTree = "<group>"; };
		EDE7A18021FCB93D0087F278 /* Base */ = {isa = PBXFileReference; lastKnownFileType = file.storyboard; name = Base; path = Base.lproj/Main.storyboard; sourceTree = "<group>"; };
		EDE7A18221FCB93F0087F278 /* Assets.xcassets */ = {isa = PBXFileReference; lastKnownFileType = folder.assetcatalog; path = Assets.xcassets; sourceTree = "<group>"; };
		EDE7A18521FCB93F0087F278 /* Base */ = {isa = PBXFileReference; lastKnownFileType = file.storyboard; name = Base; path = Base.lproj/LaunchScreen.storyboard; sourceTree = "<group>"; };
		EDE7A18721FCB93F0087F278 /* Info.plist */ = {isa = PBXFileReference; lastKnownFileType = text.plist.xml; path = Info.plist; sourceTree = "<group>"; };
		EDE7A18D21FCB9D50087F278 /* DrawingImage.swift */ = {isa = PBXFileReference; lastKnownFileType = sourcecode.swift; path = DrawingImage.swift; sourceTree = "<group>"; };
/* End PBXFileReference section */

/* Begin PBXFrameworksBuildPhase section */
		EDE7A17521FCB93D0087F278 /* Frameworks */ = {
			isa = PBXFrameworksBuildPhase;
			buildActionMask = 2147483647;
			files = (
			);
			runOnlyForDeploymentPostprocessing = 0;
		};
/* End PBXFrameworksBuildPhase section */

/* Begin PBXGroup section */
		EDE7A16F21FCB93D0087F278 = {
			isa = PBXGroup;
			children = (
				EDE7A17A21FCB93D0087F278 /* PaintiOS */,
				EDE7A17921FCB93D0087F278 /* Products */,
			);
			sourceTree = "<group>";
		};
		EDE7A17921FCB93D0087F278 /* Products */ = {
			isa = PBXGroup;
			children = (
				EDE7A17821FCB93D0087F278 /* PaintiOS.app */,
			);
			name = Products;
			sourceTree = "<group>";
		};
		EDE7A17A21FCB93D0087F278 /* PaintiOS */ = {
			isa = PBXGroup;
			children = (
				EDE7A17B21FCB93D0087F278 /* AppDelegate.swift */,
				EDE7A17D21FCB93D0087F278 /* ViewController.swift */,
				EDE7A17F21FCB93D0087F278 /* Main.storyboard */,
				EDE7A18221FCB93F0087F278 /* Assets.xcassets */,
				EDE7A18421FCB93F0087F278 /* LaunchScreen.storyboard */,
				EDE7A18721FCB93F0087F278 /* Info.plist */,
				EDE7A18D21FCB9D50087F278 /* DrawingImage.swift */,
			);
			path = PaintiOS;
			sourceTree = "<group>";
		};
/* End PBXGroup section */

/* Begin PBXNativeTarget section */
		EDE7A17721FCB93D0087F278 /* PaintiOS */ = {
			isa = PBXNativeTarget;
			buildConfigurationList = EDE7A18A21FCB93F0087F278 /* Build configuration list for PBXNativeTarget "PaintiOS" */;
			buildPhases = (
				EDE7A17421FCB93D0087F278 /* Sources */,
				EDE7A17521FCB93D0087F278 /* Frameworks */,
				EDE7A17621FCB93D0087F278 /* Resources */,
			);
			buildRules = (
			);
			dependencies = (
			);
			name = PaintiOS;
			productName = PaintiOS;
			productReference = EDE7A17821FCB93D0087F278 /* PaintiOS.app */;
			productType = "com.apple.product-type.application";
		};
/* End PBXNativeTarget section */

/* Begin PBXProject section */
		EDE7A17021FCB93D0087F278 /* Project object */ = {
			isa = PBXProject;
			attributes = {
				LastSwiftUpdateCheck = 1010;
				LastUpgradeCheck = 1010;
				ORGANIZATIONNAME = "Omar Aldair Romero Pérez";
				TargetAttributes = {
					EDE7A17721FCB93D0087F278 = {
						CreatedOnToolsVersion = 10.1;
					};
				};
			};
			buildConfigurationList = EDE7A17321FCB93D0087F278 /* Build configuration list for PBXProject "PaintiOS" */;
			compatibilityVersion = "Xcode 9.3";
			developmentRegion = en;
			hasScannedForEncodings = 0;
			knownRegions = (
				en,
				Base,
			);
			mainGroup = EDE7A16F21FCB93D0087F278;
			productRefGroup = EDE7A17921FCB93D0087F278 /* Products */;
			projectDirPath = "";
			projectRoot = "";
			targets = (
				EDE7A17721FCB93D0087F278 /* PaintiOS */,
			);
		};
/* End PBXProject section */

/* Begin PBXResourcesBuildPhase section */
		EDE7A17621FCB93D0087F278 /* Resources */ = {
			isa = PBXResourcesBuildPhase;
			buildActionMask = 2147483647;
			files = (
				EDE7A18621FCB93F0087F278 /* LaunchScreen.storyboard in Resources */,
				EDE7A18321FCB93F0087F278 /* Assets.xcassets in Resources */,
				EDE7A18121FCB93D0087F278 /* Main.storyboard in Resources */,
			);
			runOnlyForDeploymentPostprocessing = 0;
		};
/* End PBXResourcesBuildPhase section */

/* Begin PBXSourcesBuildPhase section */
		EDE7A17421FCB93D0087F278 /* Sources */ = {
			isa = PBXSourcesBuildPhase;
			buildActionMask = 2147483647;
			files = (
				EDE7A17E21FCB93D0087F278 /* ViewController.swift in Sources */,
				EDE7A18E21FCB9D50087F278 /* DrawingImage.swift in Sources */,
				EDE7A17C21FCB93D0087F278 /* AppDelegate.swift in Sources */,
			);
			runOnlyForDeploymentPostprocessing = 0;
		};
/* End PBXSourcesBuildPhase section */

/* Begin PBXVariantGroup section */
		EDE7A17F21FCB93D0087F278 /* Main.storyboard */ = {
			isa = PBXVariantGroup;
			children = (
				EDE7A18021FCB93D0087F278 /* Base */,
			);
			name = Main.storyboard;
			sourceTree = "<group>";
		};
		EDE7A18421FCB93F0087F278 /* LaunchScreen.storyboard */ = {
			isa = PBXVariantGroup;
			children = (
				EDE7A18521FCB93F0087F278 /* Base */,
			);
			name = LaunchScreen.storyboard;
			sourceTree = "<group>";
		};
/* End PBXVariantGroup section */

/* Begin XCBuildConfiguration section */
		EDE7A18821FCB93F0087F278 /* Debug */ = {
			isa = XCBuildConfiguration;
			buildSettings = {
				ALWAYS_SEARCH_USER_PATHS = NO;
				CLANG_ANALYZER_NONNULL = YES;
				CLANG_ANALYZER_NUMBER_OBJECT_CONVERSION = YES_AGGRESSIVE;
				CLANG_CXX_LANGUAGE_STANDARD = "gnu++14";
				CLANG_CXX_LIBRARY = "libc++";
				CLANG_ENABLE_MODULES = YES;
				CLANG_ENABLE_OBJC_ARC = YES;
				CLANG_ENABLE_OBJC_WEAK = YES;
				CLANG_WARN_BLOCK_CAPTURE_AUTORELEASING = YES;
				CLANG_WARN_BOOL_CONVERSION = YES;
				CLANG_WARN_COMMA = YES;
				CLANG_WARN_CONSTANT_CONVERSION = YES;
				CLANG_WARN_DEPRECATED_OBJC_IMPLEMENTATIONS = YES;
				CLANG_WARN_DIRECT_OBJC_ISA_USAGE = YES_ERROR;
				CLANG_WARN_DOCUMENTATION_COMMENTS = YES;
				CLANG_WARN_EMPTY_BODY = YES;
				CLANG_WARN_ENUM_CONVERSION = YES;
				CLANG_WARN_INFINITE_RECURSION = YES;
				CLANG_WARN_INT_CONVERSION = YES;
				CLANG_WARN_NON_LITERAL_NULL_CONVERSION = YES;
				CLANG_WARN_OBJC_IMPLICIT_RETAIN_SELF = YES;
				CLANG_WARN_OBJC_LITERAL_CONVERSION = YES;
				CLANG_WARN_OBJC_ROOT_CLASS = YES_ERROR;
				CLANG_WARN_RANGE_LOOP_ANALYSIS = YES;
				CLANG_WARN_STRICT_PROTOTYPES = YES;
				CLANG_WARN_SUSPICIOUS_MOVE = YES;
				CLANG_WARN_UNGUARDED_AVAILABILITY = YES_AGGRESSIVE;
				CLANG_WARN_UNREACHABLE_CODE = YES;
				CLANG_WARN__DUPLICATE_METHOD_MATCH = YES;
				CODE_SIGN_IDENTITY = "iPhone Developer";
				COPY_PHASE_STRIP = NO;
				DEBUG_INFORMATION_FORMAT = dwarf;
				ENABLE_STRICT_OBJC_MSGSEND = YES;
				ENABLE_TESTABILITY = YES;
				GCC_C_LANGUAGE_STANDARD = gnu11;
				GCC_DYNAMIC_NO_PIC = NO;
				GCC_NO_COMMON_BLOCKS = YES;
				GCC_OPTIMIZATION_LEVEL = 0;
				GCC_PREPROCESSOR_DEFINITIONS = (
					"DEBUG=1",
					"$(inherited)",
				);
				GCC_WARN_64_TO_32_BIT_CONVERSION = YES;
				GCC_WARN_ABOUT_RETURN_TYPE = YES_ERROR;
				GCC_WARN_UNDECLARED_SELECTOR = YES;
				GCC_WARN_UNINITIALIZED_AUTOS = YES_AGGRESSIVE;
				GCC_WARN_UNUSED_FUNCTION = YES;
				GCC_WARN_UNUSED_VARIABLE = YES;
				IPHONEOS_DEPLOYMENT_TARGET = 12.1;
				MTL_ENABLE_DEBUG_INFO = INCLUDE_SOURCE;
				MTL_FAST_MATH = YES;
				ONLY_ACTIVE_ARCH = YES;
				SDKROOT = iphoneos;
				SWIFT_ACTIVE_COMPILATION_CONDITIONS = DEBUG;
				SWIFT_OPTIMIZATION_LEVEL = "-Onone";
			};
			name = Debug;
		};
		EDE7A18921FCB93F0087F278 /* Release */ = {
			isa = XCBuildConfiguration;
			buildSettings = {
				ALWAYS_SEARCH_USER_PATHS = NO;
				CLANG_ANALYZER_NONNULL = YES;
				CLANG_ANALYZER_NUMBER_OBJECT_CONVERSION = YES_AGGRESSIVE;
				CLANG_CXX_LANGUAGE_STANDARD = "gnu++14";
				CLANG_CXX_LIBRARY = "libc++";
				CLANG_ENABLE_MODULES = YES;
				CLANG_ENABLE_OBJC_ARC = YES;
				CLANG_ENABLE_OBJC_WEAK = YES;
				CLANG_WARN_BLOCK_CAPTURE_AUTORELEASING = YES;
				CLANG_WARN_BOOL_CONVERSION = YES;
				CLANG_WARN_COMMA = YES;
				CLANG_WARN_CONSTANT_CONVERSION = YES;
				CLANG_WARN_DEPRECATED_OBJC_IMPLEMENTATIONS = YES;
				CLANG_WARN_DIRECT_OBJC_ISA_USAGE = YES_ERROR;
				CLANG_WARN_DOCUMENTATION_COMMENTS = YES;
				CLANG_WARN_EMPTY_BODY = YES;
				CLANG_WARN_ENUM_CONVERSION = YES;
				CLANG_WARN_INFINITE_RECURSION = YES;
				CLANG_WARN_INT_CONVERSION = YES;
				CLANG_WARN_NON_LITERAL_NULL_CONVERSION = YES;
				CLANG_WARN_OBJC_IMPLICIT_RETAIN_SELF = YES;
				CLANG_WARN_OBJC_LITERAL_CONVERSION = YES;
				CLANG_WARN_OBJC_ROOT_CLASS = YES_ERROR;
				CLANG_WARN_RANGE_LOOP_ANALYSIS = YES;
				CLANG_WARN_STRICT_PROTOTYPES = YES;
				CLANG_WARN_SUSPICIOUS_MOVE = YES;
				CLANG_WARN_UNGUARDED_AVAILABILITY = YES_AGGRESSIVE;
				CLANG_WARN_UNREACHABLE_CODE = YES;
				CLANG_WARN__DUPLICATE_METHOD_MATCH = YES;
				CODE_SIGN_IDENTITY = "iPhone Developer";
				COPY_PHASE_STRIP = NO;
				DEBUG_INFORMATION_FORMAT = "dwarf-with-dsym";
				ENABLE_NS_ASSERTIONS = NO;
				ENABLE_STRICT_OBJC_MSGSEND = YES;
				GCC_C_LANGUAGE_STANDARD = gnu11;
				GCC_NO_COMMON_BLOCKS = YES;
				GCC_WARN_64_TO_32_BIT_CONVERSION = YES;
				GCC_WARN_ABOUT_RETURN_TYPE = YES_ERROR;
				GCC_WARN_UNDECLARED_SELECTOR = YES;
				GCC_WARN_UNINITIALIZED_AUTOS = YES_AGGRESSIVE;
				GCC_WARN_UNUSED_FUNCTION = YES;
				GCC_WARN_UNUSED_VARIABLE = YES;
				IPHONEOS_DEPLOYMENT_TARGET = 12.1;
				MTL_ENABLE_DEBUG_INFO = NO;
				MTL_FAST_MATH = YES;
				SDKROOT = iphoneos;
				SWIFT_COMPILATION_MODE = wholemodule;
				SWIFT_OPTIMIZATION_LEVEL = "-O";
				VALIDATE_PRODUCT = YES;
			};
			name = Release;
		};
		EDE7A18B21FCB93F0087F278 /* Debug */ = {
			isa = XCBuildConfiguration;
			buildSettings = {
				ASSETCATALOG_COMPILER_APPICON_NAME = AppIcon;
				CODE_SIGN_STYLE = Automatic;
				DEVELOPMENT_TEAM = D6A85H8M23;
				INFOPLIST_FILE = PaintiOS/Info.plist;
				LD_RUNPATH_SEARCH_PATHS = (
					"$(inherited)",
					"@executable_path/Frameworks",
				);
				PRODUCT_BUNDLE_IDENTIFIER = com.omaraldair.PaintiOS;
				PRODUCT_NAME = "$(TARGET_NAME)";
				SWIFT_VERSION = 4.2;
				TARGETED_DEVICE_FAMILY = "1,2";
			};
			name = Debug;
		};
		EDE7A18C21FCB93F0087F278 /* Release */ = {
			isa = XCBuildConfiguration;
			buildSettings = {
				ASSETCATALOG_COMPILER_APPICON_NAME = AppIcon;
				CODE_SIGN_STYLE = Automatic;
				DEVELOPMENT_TEAM = D6A85H8M23;
				INFOPLIST_FILE = PaintiOS/Info.plist;
				LD_RUNPATH_SEARCH_PATHS = (
					"$(inherited)",
					"@executable_path/Frameworks",
				);
				PRODUCT_BUNDLE_IDENTIFIER = com.omaraldair.PaintiOS;
				PRODUCT_NAME = "$(TARGET_NAME)";
				SWIFT_VERSION = 4.2;
				TARGETED_DEVICE_FAMILY = "1,2";
			};
			name = Release;
		};
/* End XCBuildConfiguration section */

/* Begin XCConfigurationList section */
		EDE7A17321FCB93D0087F278 /* Build configuration list for PBXProject "PaintiOS" */ = {
			isa = XCConfigurationList;
			buildConfigurations = (
				EDE7A18821FCB93F0087F278 /* Debug */,
				EDE7A18921FCB93F0087F278 /* Release */,
			);
			defaultConfigurationIsVisible = 0;
			defaultConfigurationName = Release;
		};
		EDE7A18A21FCB93F0087F278 /* Build configuration list for PBXNativeTarget "PaintiOS" */ = {
			isa = XCConfigurationList;
			buildConfigurations = (
				EDE7A18B21FCB93F0087F278 /* Debug */,
				EDE7A18C21FCB93F0087F278 /* Release */,
			);
			defaultConfigurationIsVisible = 0;
			defaultConfigurationName = Release;
		};
/* End XCConfigurationList section */
	};
	rootObject = EDE7A17021FCB93D0087F278 /* Project object */;
}
